
Microsoft Visual Studio Solution File, Format Version 12.00
# Visual Studio 14
VisualStudioVersion = 14.0.25123.0
MinimumVisualStudioVersion = 10.0.40219.1
Project("{8BC9CEB8-8B4A-11D0-8D11-00A0C91BC942}") = "AutoQuietConsole", "AutoQuietConsole\AutoQuietConsole.vcxproj", "{B268FECF-91D5-486D-AE27-82F732AC1883}"
EndProject
Project("{FAE04EC0-301F-11D3-BF4B-00C04F79EFBC}") = "AudioSessionLib", "AudioSessionLib\AudioSessionLib.csproj", "{7B548F60-EAC1-47B6-AB52-3599F8346843}"
EndProject
Project("{FAE04EC0-301F-11D3-BF4B-00C04F79EFBC}") = "AutoQuietConsole2", "AutoQuietConsole2\AutoQuietConsole2.csproj", "{F393D64E-46BB-435B-A591-A22726E12BC0}"
EndProject
Global
	GlobalSection(SolutionConfigurationPlatforms) = preSolution
		Debug|Any CPU = Debug|Any CPU
		Debug|x64 = Debug|x64
		Debug|x86 = Debug|x86
		Release|Any CPU = Release|Any CPU
		Release|x64 = Release|x64
		Release|x86 = Release|x86
	EndGlobalSection
	GlobalSection(ProjectConfigurationPlatforms) = postSolution
		{B268FECF-91D5-486D-AE27-82F732AC1883}.Debug|Any CPU.ActiveCfg = Debug|Win32
		{B268FECF-91D5-486D-AE27-82F732AC1883}.Debug|x64.ActiveCfg = Debug|x64
		{B268FECF-91D5-486D-AE27-82F732AC1883}.Debug|x64.Build.0 = Debug|x64
		{B268FECF-91D5-486D-AE27-82F732AC1883}.Debug|x86.ActiveCfg = Debug|Win32
		{B268FECF-91D5-486D-AE27-82F732AC1883}.Debug|x86.Build.0 = Debug|Win32
		{B268FECF-91D5-486D-AE27-82F732AC1883}.Release|Any CPU.ActiveCfg = Release|Win32
		{B268FECF-91D5-486D-AE27-82F732AC1883}.Release|x64.ActiveCfg = Release|x64
		{B268FECF-91D5-486D-AE27-82F732AC1883}.Release|x64.Build.0 = Release|x64
		{B268FECF-91D5-486D-AE27-82F732AC1883}.Release|x86.ActiveCfg = Release|Win32
		{B268FECF-91D5-486D-AE27-82F732AC1883}.Release|x86.Build.0 = Release|Win32
		{7B548F60-EAC1-47B6-AB52-3599F8346843}.Debug|Any CPU.ActiveCfg = Debug|Any CPU
		{7B548F60-EAC1-47B6-AB52-3599F8346843}.Debug|Any CPU.Build.0 = Debug|Any CPU
		{7B548F60-EAC1-47B6-AB52-3599F8346843}.Debug|x64.ActiveCfg = Debug|Any CPU
		{7B548F60-EAC1-47B6-AB52-3599F8346843}.Debug|x64.Build.0 = Debug|Any CPU
		{7B548F60-EAC1-47B6-AB52-3599F8346843}.Debug|x86.ActiveCfg = Debug|Any CPU
		{7B548F60-EAC1-47B6-AB52-3599F8346843}.Debug|x86.Build.0 = Debug|Any CPU
		{7B548F60-EAC1-47B6-AB52-3599F8346843}.Release|Any CPU.ActiveCfg = Release|Any CPU
		{7B548F60-EAC1-47B6-AB52-3599F8346843}.Release|Any CPU.Build.0 = Release|Any CPU
		{7B548F60-EAC1-47B6-AB52-3599F8346843}.Release|x64.ActiveCfg = Release|Any CPU
		{7B548F60-EAC1-47B6-AB52-3599F8346843}.Release|x64.Build.0 = Release|Any CPU
		{7B548F60-EAC1-47B6-AB52-3599F8346843}.Release|x86.ActiveCfg = Release|Any CPU
		{7B548F60-EAC1-47B6-AB52-3599F8346843}.Release|x86.Build.0 = Release|Any CPU
		{F393D64E-46BB-435B-A591-A22726E12BC0}.Debug|Any CPU.ActiveCfg = Debug|Any CPU
		{F393D64E-46BB-435B-A591-A22726E12BC0}.Debug|Any CPU.Build.0 = Debug|Any CPU
		{F393D64E-46BB-435B-A591-A22726E12BC0}.Debug|x64.ActiveCfg = Debug|Any CPU
		{F393D64E-46BB-435B-A591-A22726E12BC0}.Debug|x64.Build.0 = Debug|Any CPU
		{F393D64E-46BB-435B-A591-A22726E12BC0}.Debug|x86.ActiveCfg = Debug|Any CPU
		{F393D64E-46BB-435B-A591-A22726E12BC0}.Debug|x86.Build.0 = Debug|Any CPU
		{F393D64E-46BB-435B-A591-A22726E12BC0}.Release|Any CPU.ActiveCfg = Release|Any CPU
		{F393D64E-46BB-435B-A591-A22726E12BC0}.Release|Any CPU.Build.0 = Release|Any CPU
		{F393D64E-46BB-435B-A591-A22726E12BC0}.Release|x64.ActiveCfg = Release|Any CPU
		{F393D64E-46BB-435B-A591-A22726E12BC0}.Release|x64.Build.0 = Release|Any CPU
		{F393D64E-46BB-435B-A591-A22726E12BC0}.Release|x86.ActiveCfg = Release|Any CPU
		{F393D64E-46BB-435B-A591-A22726E12BC0}.Release|x86.Build.0 = Release|Any CPU
	EndGlobalSection
	GlobalSection(SolutionProperties) = preSolution
		HideSolutionNode = FALSE
	EndGlobalSection
EndGlobal
